
Microsoft Visual Studio Solution File, Format Version 12.00
# Visual Studio 2017
Project("{FAE04EC0-301F-11D3-BF4B-00C04F79EFBC}") = "Unity-VR-Base.Plugins", "Unity-VR-Base.Plugins.csproj", "{B7DFECB2-CB9F-4D89-2DB0-33DD57B0A107}"
EndProject
Project("{FAE04EC0-301F-11D3-BF4B-00C04F79EFBC}") = "Unity-VR-Base", "Unity-VR-Base.csproj", "{26975902-F227-9D91-DF47-A91E82A1A3A2}"
EndProject
Project("{FAE04EC0-301F-11D3-BF4B-00C04F79EFBC}") = "Unity-VR-Base.Editor.Plugins", "Unity-VR-Base.Editor.Plugins.csproj", "{16FBC072-56A2-EA7D-42B8-C4E31F03A6FC}"
EndProject
Global
	GlobalSection(SolutionConfigurationPlatforms) = preSolution
		Debug|Any CPU = Debug|Any CPU
		Release|Any CPU = Release|Any CPU
	EndGlobalSection
	GlobalSection(ProjectConfigurationPlatforms) = postSolution
		{B7DFECB2-CB9F-4D89-2DB0-33DD57B0A107}.Debug|Any CPU.ActiveCfg = Debug|Any CPU
		{B7DFECB2-CB9F-4D89-2DB0-33DD57B0A107}.Debug|Any CPU.Build.0 = Debug|Any CPU
		{B7DFECB2-CB9F-4D89-2DB0-33DD57B0A107}.Release|Any CPU.ActiveCfg = Release|Any CPU
		{B7DFECB2-CB9F-4D89-2DB0-33DD57B0A107}.Release|Any CPU.Build.0 = Release|Any CPU
		{26975902-F227-9D91-DF47-A91E82A1A3A2}.Debug|Any CPU.ActiveCfg = Debug|Any CPU
		{26975902-F227-9D91-DF47-A91E82A1A3A2}.Debug|Any CPU.Build.0 = Debug|Any CPU
		{26975902-F227-9D91-DF47-A91E82A1A3A2}.Release|Any CPU.ActiveCfg = Release|Any CPU
		{26975902-F227-9D91-DF47-A91E82A1A3A2}.Release|Any CPU.Build.0 = Release|Any CPU
		{16FBC072-56A2-EA7D-42B8-C4E31F03A6FC}.Debug|Any CPU.ActiveCfg = Debug|Any CPU
		{16FBC072-56A2-EA7D-42B8-C4E31F03A6FC}.Debug|Any CPU.Build.0 = Debug|Any CPU
		{16FBC072-56A2-EA7D-42B8-C4E31F03A6FC}.Release|Any CPU.ActiveCfg = Release|Any CPU
		{16FBC072-56A2-EA7D-42B8-C4E31F03A6FC}.Release|Any CPU.Build.0 = Release|Any CPU
	EndGlobalSection
	GlobalSection(SolutionProperties) = preSolution
		HideSolutionNode = FALSE
	EndGlobalSection
EndGlobal
